{
  "name": "generate-passphrase-cli",
  "version": "1.0.2",
  "lockfileVersion": 1,
  "requires": true,
  "dependencies": {
    "mri": {
      "version": "1.1.4",
      "resolved": "https://registry.npmjs.org/mri/-/mri-1.1.4.tgz",
      "integrity": "sha512-6y7IjGPm8AzlvoUrwAaw1tLnUBudaS3752vcd8JtrpGGQn+rXIe63LFVHm/YMwtqAuh+LJPCFdlLYPWM1nYn6w=="
    },
    "random-word": {
      "version": "2.0.0",
      "resolved": "https://registry.npmjs.org/random-word/-/random-word-2.0.0.tgz",
      "integrity": "sha1-Je0Y1bpamUCerOtZ2r5lt20v9uk=",
      "requires": {
        "unique-random-array": "^1.0.0",
        "word-list": "^2.0.0"
      }
    },
    "sade": {
      "version": "1.7.0",
      "resolved": "https://registry.npmjs.org/sade/-/sade-1.7.0.tgz",
      "integrity": "sha512-HSkPpZzN7q4EFN5PVW8nTfDn1rJZh4sKbPQqz33AXokIo6SMDeVJ3RA4e0ZASlnMK6PywEMZxKXudEn5dxSWew==",
      "requires": {
        "mri": "^1.1.0"
      }
    },
    "unique-random": {
      "version": "1.0.0",
      "resolved": "https://registry.npmjs.org/unique-random/-/unique-random-1.0.0.tgz",
      "integrity": "sha1-zj4iTIJCzTOg53sNcYDXfmti0MQ="
    },
    "unique-random-array": {
      "version": "1.0.1",
      "resolved": "https://registry.npmjs.org/unique-random-array/-/unique-random-array-1.0.1.tgz",
      "integrity": "sha512-z9J/SV8CUIhIRROcHe9YUoAT6XthUJt0oUyLGgobiXJprDP9O9dsErNevvSaAv5BkhwFEVPn6nIEOKeNE6Ck1Q==",
      "requires": {
        "unique-random": "^1.0.0"
      }
    },
    "word-list": {
      "version": "2.0.0",
      "resolved": "https://registry.npmjs.org/word-list/-/word-list-2.0.0.tgz",
      "integrity": "sha1-VN36Sq4fqnF3LPtukgjE2PmZNj4="
    }
  }
}
